{
  "requires": true,
  "lockfileVersion": 1,
  "dependencies": {
    "colorbrewer": {
      "version": "1.3.0",
      "resolved": "https://registry.npmjs.org/colorbrewer/-/colorbrewer-1.3.0.tgz",
      "integrity": "sha512-AzVPpWa+fuO/qY8LxPQjej6F49Lb2Cl+7U9YhPn6y4/SOY6u/EZiXUc7qHzRb6i6fWPStCUdEaU2731QyQKWjg=="
    },
    "d3-array": {
      "version": "2.4.0",
      "resolved": "https://registry.npmjs.org/d3-array/-/d3-array-2.4.0.tgz",
      "integrity": "sha512-KQ41bAF2BMakf/HdKT865ALd4cgND6VcIztVQZUTt0+BH3RWy6ZYnHghVXf6NFjt2ritLr8H1T8LreAAlfiNcw=="
    },
    "d3-path": {
      "version": "1.0.9",
      "resolved": "https://registry.npmjs.org/d3-path/-/d3-path-1.0.9.tgz",
      "integrity": "sha512-VLaYcn81dtHVTjEHd8B+pbe9yHWpXKZUC87PzoFmsFrJqgFwDe/qxfp5MlfsfM1V5E/iVt0MmEbWQ7FVIXh/bg=="
    },
    "d3-sankey": {
      "version": "0.12.3",
      "resolved": "https://registry.npmjs.org/d3-sankey/-/d3-sankey-0.12.3.tgz",
      "integrity": "sha512-nQhsBRmM19Ax5xEIPLMY9ZmJ/cDvd1BG3UVvt5h3WRxKg5zGRbvnteTyWAbzeSvlh3tW7ZEmq4VwR5mB3tutmQ==",
      "requires": {
        "d3-array": "1 - 2",
        "d3-shape": "^1.2.0"
      }
    },
    "d3-shape": {
      "version": "1.3.7",
      "resolved": "https://registry.npmjs.org/d3-shape/-/d3-shape-1.3.7.tgz",
      "integrity": "sha512-EUkvKjqPFUAZyOlhY5gzCxCeI0Aep04LwIRpsZ/mLFelJiUfnK56jo5JMDSE7yyP2kLSb6LtF+S5chMk7uqPqw==",
      "requires": {
        "d3-path": "1"
      }
    }
  }
}
